// !$*UTF8*$!
{
	archiveVersion = 1;
	classes = {
	};
	objectVersion = 46;
	objects = {

/* Begin PBXBuildFile section */
		421437221601ADEE0020AA1D /* MobileCoreServices.framework in Frameworks */ = {isa = PBXBuildFile; fileRef = 421437211601ADEE0020AA1D /* MobileCoreServices.framework */; };
		421BB121167293FD00F29D95 /* Aerotech Hybrid.png in Resources */ = {isa = PBXBuildFile; fileRef = 421BB10B167293FD00F29D95 /* Aerotech Hybrid.png */; };
		421BB122167293FD00F29D95 /* Aerotech RMS.png in Resources */ = {isa = PBXBuildFile; fileRef = 421BB10C167293FD00F29D95 /* Aerotech RMS.png */; };
		421BB123167293FD00F29D95 /* Aerotech.png in Resources */ = {isa = PBXBuildFile; fileRef = 421BB10D167293FD00F29D95 /* Aerotech.png */; };
		421BB124167293FD00F29D95 /* AMW Pro-X.png in Resources */ = {isa = PBXBuildFile; fileRef = 421BB10E167293FD00F29D95 /* AMW Pro-X.png */; };
		421BB125167293FD00F29D95 /* Animal Motor Works.png in Resources */ = {isa = PBXBuildFile; fileRef = 421BB10F167293FD00F29D95 /* Animal Motor Works.png */; };
		421BB126167293FD00F29D95 /* Apogee.png in Resources */ = {isa = PBXBuildFile; fileRef = 421BB110167293FD00F29D95 /* Apogee.png */; };
		421BB127167293FD00F29D95 /* Cesaroni.png in Resources */ = {isa = PBXBuildFile; fileRef = 421BB111167293FD00F29D95 /* Cesaroni.png */; };
		421BB128167293FD00F29D95 /* Contrail Rockets.png in Resources */ = {isa = PBXBuildFile; fileRef = 421BB112167293FD00F29D95 /* Contrail Rockets.png */; };
		421BB129167293FD00F29D95 /* Ellis Mountain.png in Resources */ = {isa = PBXBuildFile; fileRef = 421BB113167293FD00F29D95 /* Ellis Mountain.png */; };
		421BB12A167293FD00F29D95 /* Estes.png in Resources */ = {isa = PBXBuildFile; fileRef = 421BB114167293FD00F29D95 /* Estes.png */; };
		421BB12B167293FD00F29D95 /* Gorilla Rocket Motors.png in Resources */ = {isa = PBXBuildFile; fileRef = 421BB115167293FD00F29D95 /* Gorilla Rocket Motors.png */; };
		421BB12C167293FD00F29D95 /* Hypertek.png in Resources */ = {isa = PBXBuildFile; fileRef = 421BB116167293FD00F29D95 /* Hypertek.png */; };
		421BB12D167293FD00F29D95 /* Kosdon by Aerotech.png in Resources */ = {isa = PBXBuildFile; fileRef = 421BB117167293FD00F29D95 /* Kosdon by Aerotech.png */; };
		421BB12E167293FD00F29D95 /* Kosdon.png in Resources */ = {isa = PBXBuildFile; fileRef = 421BB118167293FD00F29D95 /* Kosdon.png */; };
		421BB12F167293FD00F29D95 /* Loki Research.png in Resources */ = {isa = PBXBuildFile; fileRef = 421BB119167293FD00F29D95 /* Loki Research.png */; };
		421BB130167293FD00F29D95 /* Propulsion Polymers.png in Resources */ = {isa = PBXBuildFile; fileRef = 421BB11A167293FD00F29D95 /* Propulsion Polymers.png */; };
		421BB131167293FD00F29D95 /* Public Missiles Ltd.png in Resources */ = {isa = PBXBuildFile; fileRef = 421BB11B167293FD00F29D95 /* Public Missiles Ltd.png */; };
		421BB132167293FD00F29D95 /* Quest.png in Resources */ = {isa = PBXBuildFile; fileRef = 421BB11C167293FD00F29D95 /* Quest.png */; };
		421BB133167293FD00F29D95 /* RATTworks.png in Resources */ = {isa = PBXBuildFile; fileRef = 421BB11D167293FD00F29D95 /* RATTworks.png */; };
		421BB134167293FD00F29D95 /* RoadRunner.png in Resources */ = {isa = PBXBuildFile; fileRef = 421BB11E167293FD00F29D95 /* RoadRunner.png */; };
		421BB135167293FD00F29D95 /* Sky Ripper.png in Resources */ = {isa = PBXBuildFile; fileRef = 421BB11F167293FD00F29D95 /* Sky Ripper.png */; };
		421BB136167293FD00F29D95 /* West Coast Hybrids.png in Resources */ = {isa = PBXBuildFile; fileRef = 421BB120167293FD00F29D95 /* West Coast Hybrids.png */; };
		4220A4CC15F55CC60055EE35 /* MainStoryboard_iPhone.storyboard in Resources */ = {isa = PBXBuildFile; fileRef = 4220A4A515F55CC60055EE35 /* MainStoryboard_iPhone.storyboard */; };
		4220A4CD15F55CC60055EE35 /* SLTableViewController.m in Sources */ = {isa = PBXBuildFile; fileRef = 4220A4AB15F55CC60055EE35 /* SLTableViewController.m */; };
		4220A4CE15F55CC60055EE35 /* SLInformationTVC.m in Sources */ = {isa = PBXBuildFile; fileRef = 4220A4AD15F55CC60055EE35 /* SLInformationTVC.m */; };
		4220A4CF15F55CC60055EE35 /* SLSimSettingsViewController.m in Sources */ = {isa = PBXBuildFile; fileRef = 4220A4AF15F55CC60055EE35 /* SLSimSettingsViewController.m */; };
		4220A4D015F55CC60055EE35 /* SLUnitsTVC.m in Sources */ = {isa = PBXBuildFile; fileRef = 4220A4B115F55CC60055EE35 /* SLUnitsTVC.m */; };
		4220A4D115F55CC60055EE35 /* SLLaunchAngleViewController.m in Sources */ = {isa = PBXBuildFile; fileRef = 4220A4B315F55CC60055EE35 /* SLLaunchAngleViewController.m */; };
		4220A4D215F55CC60055EE35 /* SLLaunchAngleView.m in Sources */ = {isa = PBXBuildFile; fileRef = 4220A4B515F55CC60055EE35 /* SLLaunchAngleView.m */; };
		4220A4D315F55CC60055EE35 /* SLPhotoAngleViewController.m in Sources */ = {isa = PBXBuildFile; fileRef = 4220A4B715F55CC60055EE35 /* SLPhotoAngleViewController.m */; };
		4220A4D415F55CC60055EE35 /* SLMotorSearchViewController.m in Sources */ = {isa = PBXBuildFile; fileRef = 4220A4B915F55CC60055EE35 /* SLMotorSearchViewController.m */; };
		4220A4D515F55CC60055EE35 /* SLMotorTableViewController.m in Sources */ = {isa = PBXBuildFile; fileRef = 4220A4BB15F55CC60055EE35 /* SLMotorTableViewController.m */; };
		4220A4D615F55CC60055EE35 /* SLMotorViewController.m in Sources */ = {isa = PBXBuildFile; fileRef = 4220A4BD15F55CC60055EE35 /* SLMotorViewController.m */; };
		4220A4D715F55CC60055EE35 /* SLCurveGraphView.m in Sources */ = {isa = PBXBuildFile; fileRef = 4220A4BF15F55CC60055EE35 /* SLCurveGraphView.m */; };
		4220A4D815F55CC60055EE35 /* SLRocketsTableViewController.m in Sources */ = {isa = PBXBuildFile; fileRef = 4220A4C115F55CC60055EE35 /* SLRocketsTableViewController.m */; };
		4220A4D915F55CC60055EE35 /* SLRocketPropertiesTVC.m in Sources */ = {isa = PBXBuildFile; fileRef = 4220A4C315F55CC60055EE35 /* SLRocketPropertiesTVC.m */; };
		4220A4DA15F55CC60055EE35 /* SLUnitsConvertor.m in Sources */ = {isa = PBXBuildFile; fileRef = 4220A4C515F55CC60055EE35 /* SLUnitsConvertor.m */; };
		4220A4DB15F55CC60055EE35 /* Rocket.m in Sources */ = {isa = PBXBuildFile; fileRef = 4220A4C715F55CC60055EE35 /* Rocket.m */; };
		4220A4DC15F55CC60055EE35 /* RocketMotor.m in Sources */ = {isa = PBXBuildFile; fileRef = 4220A4C915F55CC60055EE35 /* RocketMotor.m */; };
		4220A4DD15F55CC60055EE35 /* SLPhysicsModel.m in Sources */ = {isa = PBXBuildFile; fileRef = 4220A4CB15F55CC60055EE35 /* SLPhysicsModel.m */; };
		4220A4EA15F55D120055EE35 /* CancelButtonSelected.png in Resources */ = {isa = PBXBuildFile; fileRef = 4220A4DE15F55D120055EE35 /* CancelButtonSelected.png */; };
		4220A4EB15F55D120055EE35 /* CancelButton.png in Resources */ = {isa = PBXBuildFile; fileRef = 4220A4DF15F55D120055EE35 /* CancelButton.png */; };
		4220A4EC15F55D120055EE35 /* AcceptButton.png in Resources */ = {isa = PBXBuildFile; fileRef = 4220A4E015F55D120055EE35 /* AcceptButton.png */; };
		4220A4ED15F55D120055EE35 /* AcceptButtonSelected.png in Resources */ = {isa = PBXBuildFile; fileRef = 4220A4E115F55D120055EE35 /* AcceptButtonSelected.png */; };
		4220A4F015F55D120055EE35 /* AngleWarning.png in Resources */ = {isa = PBXBuildFile; fileRef = 4220A4E415F55D120055EE35 /* AngleWarning.png */; };
		4220A4F415F55D120055EE35 /* atmosphere.txt in Resources */ = {isa = PBXBuildFile; fileRef = 4220A4E815F55D120055EE35 /* atmosphere.txt */; };
		4220A4F515F55D120055EE35 /* motors.txt in Resources */ = {isa = PBXBuildFile; fileRef = 4220A4E915F55D120055EE35 /* motors.txt */; };
		4220A50015F55D760055EE35 /* Vellum.png in Resources */ = {isa = PBXBuildFile; fileRef = 4220A4FC15F55D760055EE35 /* Vellum.png */; };
		4220A50115F55D760055EE35 /* Vellum@2x.png in Resources */ = {isa = PBXBuildFile; fileRef = 4220A4FD15F55D760055EE35 /* Vellum@2x.png */; };
		4220A53D15F561CF0055EE35 /* Goblin@2x.png in Resources */ = {isa = PBXBuildFile; fileRef = 4220A53B15F561CF0055EE35 /* Goblin@2x.png */; };
		4220A53E15F561CF0055EE35 /* Goblin.png in Resources */ = {isa = PBXBuildFile; fileRef = 4220A53C15F561CF0055EE35 /* Goblin.png */; };
		4221648016F57CF8008E5A28 /* Default.png in Resources */ = {isa = PBXBuildFile; fileRef = 42E5914616213D7E003EF252 /* Default.png */; };
		4221648816F57EB1008E5A28 /* Default-Landscape@2x~ipad.png in Resources */ = {isa = PBXBuildFile; fileRef = 4221648716F57EB1008E5A28 /* Default-Landscape@2x~ipad.png */; };
		4221648A16F57F1A008E5A28 /* Default-Landscape~ipad.png in Resources */ = {isa = PBXBuildFile; fileRef = 4221648916F57F1A008E5A28 /* Default-Landscape~ipad.png */; };
		42248D7C16EC416200ABB5D7 /* SLiPadDetailViewController.m in Sources */ = {isa = PBXBuildFile; fileRef = 42248D7B16EC416200ABB5D7 /* SLiPadDetailViewController.m */; };
		4232060515F7124F0027A18E /* CoreLocation.framework in Frameworks */ = {isa = PBXBuildFile; fileRef = 4232060415F7124F0027A18E /* CoreLocation.framework */; };
		423D16E317053FE80007ED61 /* SLCustomUI.m in Sources */ = {isa = PBXBuildFile; fileRef = 423D16E217053FE80007ED61 /* SLCustomUI.m */; };
		4240A07815F8341900D67F3E /* SLMotorPrefsTVC.m in Sources */ = {isa = PBXBuildFile; fileRef = 4240A07715F8341900D67F3E /* SLMotorPrefsTVC.m */; };
		4240EDC116990F1E008AB135 /* MainStoryboard_iPad.storyboard in Resources */ = {isa = PBXBuildFile; fileRef = 4240EDC016990F1E008AB135 /* MainStoryboard_iPad.storyboard */; };
		4256930A15F4893000F7BABC /* UIKit.framework in Frameworks */ = {isa = PBXBuildFile; fileRef = 4256930915F4893000F7BABC /* UIKit.framework */; };
		4256930C15F4893000F7BABC /* Foundation.framework in Frameworks */ = {isa = PBXBuildFile; fileRef = 4256930B15F4893000F7BABC /* Foundation.framework */; };
		4256930E15F4893000F7BABC /* CoreGraphics.framework in Frameworks */ = {isa = PBXBuildFile; fileRef = 4256930D15F4893000F7BABC /* CoreGraphics.framework */; };
		4256931415F4893000F7BABC /* InfoPlist.strings in Resources */ = {isa = PBXBuildFile; fileRef = 4256931215F4893000F7BABC /* InfoPlist.strings */; };
		4256931615F4893000F7BABC /* main.m in Sources */ = {isa = PBXBuildFile; fileRef = 4256931515F4893000F7BABC /* main.m */; };
		4256931A15F4893000F7BABC /* SLAppDelegate.m in Sources */ = {isa = PBXBuildFile; fileRef = 4256931915F4893000F7BABC /* SLAppDelegate.m */; };
		42A1B6191670599E004F1FA0 /* version.txt in Resources */ = {isa = PBXBuildFile; fileRef = 42A1B6181670599E004F1FA0 /* version.txt */; };
		42BB53C916A293D20029C882 /* SLFlightDataCell.m in Sources */ = {isa = PBXBuildFile; fileRef = 42BB53C816A293D20029C882 /* SLFlightDataCell.m */; };
		42BB53CD16A295310029C882 /* SLSavedFlightsTVC.m in Sources */ = {isa = PBXBuildFile; fileRef = 42BB53CC16A295310029C882 /* SLSavedFlightsTVC.m */; };
		42BB53D016A38C4E0029C882 /* SLSaveFlightDataTVC.m in Sources */ = {isa = PBXBuildFile; fileRef = 42BB53CF16A38C4D0029C882 /* SLSaveFlightDataTVC.m */; };
		42D6AE8916A25242000EE1A8 /* DaVinci~iPad.png in Resources */ = {isa = PBXBuildFile; fileRef = 42D6AE8516A25242000EE1A8 /* DaVinci~iPad.png */; };
		42D6AE8A16A25242000EE1A8 /* DaVinci~iPad@2x.png in Resources */ = {isa = PBXBuildFile; fileRef = 42D6AE8616A25242000EE1A8 /* DaVinci~iPad@2x.png */; };
		42D6AE8B16A25242000EE1A8 /* DaVinci~iPhone.png in Resources */ = {isa = PBXBuildFile; fileRef = 42D6AE8716A25242000EE1A8 /* DaVinci~iPhone.png */; };
		42D6AE8C16A25242000EE1A8 /* DaVinci~iPhone@2x.png in Resources */ = {isa = PBXBuildFile; fileRef = 42D6AE8816A25242000EE1A8 /* DaVinci~iPhone@2x.png */; };
		42D78095166295F1000C7D6C /* SLAnimatedViewController.m in Sources */ = {isa = PBXBuildFile; fileRef = 42D78094166295F1000C7D6C /* SLAnimatedViewController.m */; };
		42D780981662AB3E000C7D6C /* QuartzCore.framework in Frameworks */ = {isa = PBXBuildFile; fileRef = 42D780971662AB3E000C7D6C /* QuartzCore.framework */; };
		42D7809B1663291B000C7D6C /* SLAnimatedRocketView.m in Sources */ = {isa = PBXBuildFile; fileRef = 42D7809A1663291B000C7D6C /* SLAnimatedRocketView.m */; };
		42DA0808169A364000106B02 /* Icon@2x.png in Resources */ = {isa = PBXBuildFile; fileRef = 42DA0807169A364000106B02 /* Icon@2x.png */; };
		42DA080B169A364700106B02 /* Icon.png in Resources */ = {isa = PBXBuildFile; fileRef = 42DA080A169A364700106B02 /* Icon.png */; };
		42DA080D169A365200106B02 /* Icon-72@2x.png in Resources */ = {isa = PBXBuildFile; fileRef = 42DA080C169A365200106B02 /* Icon-72@2x.png */; };
		42DA080F169A365700106B02 /* Icon-72.png in Resources */ = {isa = PBXBuildFile; fileRef = 42DA080E169A365700106B02 /* Icon-72.png */; };
		42DA0812169A36DF00106B02 /* iTunesArtwork.png in Resources */ = {isa = PBXBuildFile; fileRef = 42DA0810169A36DF00106B02 /* iTunesArtwork.png */; };
		42DA0813169A36DF00106B02 /* iTunesArtwork@2x.png in Resources */ = {isa = PBXBuildFile; fileRef = 42DA0811169A36DF00106B02 /* iTunesArtwork@2x.png */; };
		42DABC531617FD0100CA6C5E /* Viewfinder.png in Resources */ = {isa = PBXBuildFile; fileRef = 42DABC511617FD0100CA6C5E /* Viewfinder.png */; };
		42DABC541617FD0100CA6C5E /* Viewfinder@2x.png in Resources */ = {isa = PBXBuildFile; fileRef = 42DABC521617FD0100CA6C5E /* Viewfinder@2x.png */; };
		42E5914916213D91003EF252 /* Default-568h@2x.png in Resources */ = {isa = PBXBuildFile; fileRef = 42E5914816213D91003EF252 /* Default-568h@2x.png */; };
		42E5914C16213E1C003EF252 /* Default@2x.png in Resources */ = {isa = PBXBuildFile; fileRef = 42E5914A16213DC7003EF252 /* Default@2x.png */; };
		42E7317416BF66ED00F6D468 /* SLFlightProfileViewController.m in Sources */ = {isa = PBXBuildFile; fileRef = 42E7317316BF66ED00F6D468 /* SLFlightProfileViewController.m */; };
		42F3E1E616CB7C0D00081288 /* 57icon.png in Resources */ = {isa = PBXBuildFile; fileRef = 42F3E1E416CB7C0D00081288 /* 57icon.png */; };
		42F3E1E716CB7C0D00081288 /* 114icon.png in Resources */ = {isa = PBXBuildFile; fileRef = 42F3E1E516CB7C0D00081288 /* 114icon.png */; };
		42F6ADAA16F6AD92002C471B /* Rocket~iPhone.png in Resources */ = {isa = PBXBuildFile; fileRef = 42F6ADA616F6AD92002C471B /* Rocket~iPhone.png */; };
		42F6ADAB16F6AD92002C471B /* Rocket~iPhone@2x.png in Resources */ = {isa = PBXBuildFile; fileRef = 42F6ADA716F6AD92002C471B /* Rocket~iPhone@2x.png */; };
		42F6ADAC16F6AD92002C471B /* Rocket~iPad.png in Resources */ = {isa = PBXBuildFile; fileRef = 42F6ADA816F6AD92002C471B /* Rocket~iPad.png */; };
		42F6ADAD16F6AD92002C471B /* Rocket~iPad@2x.png in Resources */ = {isa = PBXBuildFile; fileRef = 42F6ADA916F6AD92002C471B /* Rocket~iPad@2x.png */; };
/* End PBXBuildFile section */

/* Begin PBXFileReference section */
		421437211601ADEE0020AA1D /* MobileCoreServices.framework */ = {isa = PBXFileReference; lastKnownFileType = wrapper.framework; name = MobileCoreServices.framework; path = System/Library/Frameworks/MobileCoreServices.framework; sourceTree = SDKROOT; };
		421BB10B167293FD00F29D95 /* Aerotech Hybrid.png */ = {isa = PBXFileReference; lastKnownFileType = image.png; path = "Aerotech Hybrid.png"; sourceTree = "<group>"; };
		421BB10C167293FD00F29D95 /* Aerotech RMS.png */ = {isa = PBXFileReference; lastKnownFileType = image.png; path = "Aerotech RMS.png"; sourceTree = "<group>"; };
		421BB10D167293FD00F29D95 /* Aerotech.png */ = {isa = PBXFileReference; lastKnownFileType = image.png; path = Aerotech.png; sourceTree = "<group>"; };
		421BB10E167293FD00F29D95 /* AMW Pro-X.png */ = {isa = PBXFileReference; lastKnownFileType = image.png; path = "AMW Pro-X.png"; sourceTree = "<group>"; };
		421BB10F167293FD00F29D95 /* Animal Motor Works.png */ = {isa = PBXFileReference; lastKnownFileType = image.png; path = "Animal Motor Works.png"; sourceTree = "<group>"; };
		421BB110167293FD00F29D95 /* Apogee.png */ = {isa = PBXFileReference; lastKnownFileType = image.png; path = Apogee.png; sourceTree = "<group>"; };
		421BB111167293FD00F29D95 /* Cesaroni.png */ = {isa = PBXFileReference; lastKnownFileType = image.png; path = Cesaroni.png; sourceTree = "<group>"; };
		421BB112167293FD00F29D95 /* Contrail Rockets.png */ = {isa = PBXFileReference; lastKnownFileType = image.png; path = "Contrail Rockets.png"; sourceTree = "<group>"; };
		421BB113167293FD00F29D95 /* Ellis Mountain.png */ = {isa = PBXFileReference; lastKnownFileType = image.png; path = "Ellis Mountain.png"; sourceTree = "<group>"; };
		421BB114167293FD00F29D95 /* Estes.png */ = {isa = PBXFileReference; lastKnownFileType = image.png; path = Estes.png; sourceTree = "<group>"; };
		421BB115167293FD00F29D95 /* Gorilla Rocket Motors.png */ = {isa = PBXFileReference; lastKnownFileType = image.png; path = "Gorilla Rocket Motors.png"; sourceTree = "<group>"; };
		421BB116167293FD00F29D95 /* Hypertek.png */ = {isa = PBXFileReference; lastKnownFileType = image.png; path = Hypertek.png; sourceTree = "<group>"; };
		421BB117167293FD00F29D95 /* Kosdon by Aerotech.png */ = {isa = PBXFileReference; lastKnownFileType = image.png; path = "Kosdon by Aerotech.png"; sourceTree = "<group>"; };
		421BB118167293FD00F29D95 /* Kosdon.png */ = {isa = PBXFileReference; lastKnownFileType = image.png; path = Kosdon.png; sourceTree = "<group>"; };
		421BB119167293FD00F29D95 /* Loki Research.png */ = {isa = PBXFileReference; lastKnownFileType = image.png; path = "Loki Research.png"; sourceTree = "<group>"; };
		421BB11A167293FD00F29D95 /* Propulsion Polymers.png */ = {isa = PBXFileReference; lastKnownFileType = image.png; path = "Propulsion Polymers.png"; sourceTree = "<group>"; };
		421BB11B167293FD00F29D95 /* Public Missiles Ltd.png */ = {isa = PBXFileReference; lastKnownFileType = image.png; path = "Public Missiles Ltd.png"; sourceTree = "<group>"; };
		421BB11C167293FD00F29D95 /* Quest.png */ = {isa = PBXFileReference; lastKnownFileType = image.png; path = Quest.png; sourceTree = "<group>"; };
		421BB11D167293FD00F29D95 /* RATTworks.png */ = {isa = PBXFileReference; lastKnownFileType = image.png; path = RATTworks.png; sourceTree = "<group>"; };
		421BB11E167293FD00F29D95 /* RoadRunner.png */ = {isa = PBXFileReference; lastKnownFileType = image.png; path = RoadRunner.png; sourceTree = "<group>"; };
		421BB11F167293FD00F29D95 /* Sky Ripper.png */ = {isa = PBXFileReference; lastKnownFileType = image.png; path = "Sky Ripper.png"; sourceTree = "<group>"; };
		421BB120167293FD00F29D95 /* West Coast Hybrids.png */ = {isa = PBXFileReference; lastKnownFileType = image.png; path = "West Coast Hybrids.png"; sourceTree = "<group>"; };
		4220A4A515F55CC60055EE35 /* MainStoryboard_iPhone.storyboard */ = {isa = PBXFileReference; fileEncoding = 4; lastKnownFileType = file.storyboard; path = MainStoryboard_iPhone.storyboard; sourceTree = "<group>"; };
		4220A4A715F55CC60055EE35 /* SLModalPresenterDelegate.h */ = {isa = PBXFileReference; fileEncoding = 4; lastKnownFileType = sourcecode.c.h; path = SLModalPresenterDelegate.h; sourceTree = "<group>"; };
		4220A4A815F55CC60055EE35 /* SLPhotoAngleFinderDelegate.h */ = {isa = PBXFileReference; fileEncoding = 4; lastKnownFileType = sourcecode.c.h; path = SLPhotoAngleFinderDelegate.h; sourceTree = "<group>"; };
		4220A4A915F55CC60055EE35 /* SLSimulationDelegate.h */ = {isa = PBXFileReference; fileEncoding = 4; lastKnownFileType = sourcecode.c.h; path = SLSimulationDelegate.h; sourceTree = "<group>"; };
		4220A4AA15F55CC60055EE35 /* SLTableViewController.h */ = {isa = PBXFileReference; fileEncoding = 4; lastKnownFileType = sourcecode.c.h; path = SLTableViewController.h; sourceTree = "<group>"; };
		4220A4AB15F55CC60055EE35 /* SLTableViewController.m */ = {isa = PBXFileReference; fileEncoding = 4; lastKnownFileType = sourcecode.c.objc; path = SLTableViewController.m; sourceTree = "<group>"; };
		4220A4AC15F55CC60055EE35 /* SLInformationTVC.h */ = {isa = PBXFileReference; fileEncoding = 4; lastKnownFileType = sourcecode.c.h; path = SLInformationTVC.h; sourceTree = "<group>"; };
		4220A4AD15F55CC60055EE35 /* SLInformationTVC.m */ = {isa = PBXFileReference; fileEncoding = 4; lastKnownFileType = sourcecode.c.objc; path = SLInformationTVC.m; sourceTree = "<group>"; };
		4220A4AE15F55CC60055EE35 /* SLSimSettingsViewController.h */ = {isa = PBXFileReference; fileEncoding = 4; lastKnownFileType = sourcecode.c.h; path = SLSimSettingsViewController.h; sourceTree = "<group>"; };
		4220A4AF15F55CC60055EE35 /* SLSimSettingsViewController.m */ = {isa = PBXFileReference; fileEncoding = 4; lastKnownFileType = sourcecode.c.objc; path = SLSimSettingsViewController.m; sourceTree = "<group>"; };
		4220A4B015F55CC60055EE35 /* SLUnitsTVC.h */ = {isa = PBXFileReference; fileEncoding = 4; lastKnownFileType = sourcecode.c.h; path = SLUnitsTVC.h; sourceTree = "<group>"; };
		4220A4B115F55CC60055EE35 /* SLUnitsTVC.m */ = {isa = PBXFileReference; fileEncoding = 4; lastKnownFileType = sourcecode.c.objc; path = SLUnitsTVC.m; sourceTree = "<group>"; };
		4220A4B215F55CC60055EE35 /* SLLaunchAngleViewController.h */ = {isa = PBXFileReference; fileEncoding = 4; lastKnownFileType = sourcecode.c.h; path = SLLaunchAngleViewController.h; sourceTree = "<group>"; };
		4220A4B315F55CC60055EE35 /* SLLaunchAngleViewController.m */ = {isa = PBXFileReference; fileEncoding = 4; lastKnownFileType = sourcecode.c.objc; path = SLLaunchAngleViewController.m; sourceTree = "<group>"; };
		4220A4B415F55CC60055EE35 /* SLLaunchAngleView.h */ = {isa = PBXFileReference; fileEncoding = 4; lastKnownFileType = sourcecode.c.h; path = SLLaunchAngleView.h; sourceTree = "<group>"; };
		4220A4B515F55CC60055EE35 /* SLLaunchAngleView.m */ = {isa = PBXFileReference; fileEncoding = 4; lastKnownFileType = sourcecode.c.objc; path = SLLaunchAngleView.m; sourceTree = "<group>"; };
		4220A4B615F55CC60055EE35 /* SLPhotoAngleViewController.h */ = {isa = PBXFileReference; fileEncoding = 4; lastKnownFileType = sourcecode.c.h; path = SLPhotoAngleViewController.h; sourceTree = "<group>"; };
		4220A4B715F55CC60055EE35 /* SLPhotoAngleViewController.m */ = {isa = PBXFileReference; fileEncoding = 4; lastKnownFileType = sourcecode.c.objc; path = SLPhotoAngleViewController.m; sourceTree = "<group>"; };
		4220A4B815F55CC60055EE35 /* SLMotorSearchViewController.h */ = {isa = PBXFileReference; fileEncoding = 4; lastKnownFileType = sourcecode.c.h; path = SLMotorSearchViewController.h; sourceTree = "<group>"; };
		4220A4B915F55CC60055EE35 /* SLMotorSearchViewController.m */ = {isa = PBXFileReference; fileEncoding = 4; lastKnownFileType = sourcecode.c.objc; path = SLMotorSearchViewController.m; sourceTree = "<group>"; };
		4220A4BA15F55CC60055EE35 /* SLMotorTableViewController.h */ = {isa = PBXFileReference; fileEncoding = 4; lastKnownFileType = sourcecode.c.h; path = SLMotorTableViewController.h; sourceTree = "<group>"; };
		4220A4BB15F55CC60055EE35 /* SLMotorTableViewController.m */ = {isa = PBXFileReference; fileEncoding = 4; lastKnownFileType = sourcecode.c.objc; path = SLMotorTableViewController.m; sourceTree = "<group>"; };
		4220A4BC15F55CC60055EE35 /* SLMotorViewController.h */ = {isa = PBXFileReference; fileEncoding = 4; lastKnownFileType = sourcecode.c.h; path = SLMotorViewController.h; sourceTree = "<group>"; };
		4220A4BD15F55CC60055EE35 /* SLMotorViewController.m */ = {isa = PBXFileReference; fileEncoding = 4; lastKnownFileType = sourcecode.c.objc; path = SLMotorViewController.m; sourceTree = "<group>"; };
		4220A4BE15F55CC60055EE35 /* SLCurveGraphView.h */ = {isa = PBXFileReference; fileEncoding = 4; lastKnownFileType = sourcecode.c.h; path = SLCurveGraphView.h; sourceTree = "<group>"; };
		4220A4BF15F55CC60055EE35 /* SLCurveGraphView.m */ = {isa = PBXFileReference; fileEncoding = 4; lastKnownFileType = sourcecode.c.objc; path = SLCurveGraphView.m; sourceTree = "<group>"; };
		4220A4C015F55CC60055EE35 /* SLRocketsTableViewController.h */ = {isa = PBXFileReference; fileEncoding = 4; lastKnownFileType = sourcecode.c.h; path = SLRocketsTableViewController.h; sourceTree = "<group>"; };
		4220A4C115F55CC60055EE35 /* SLRocketsTableViewController.m */ = {isa = PBXFileReference; fileEncoding = 4; lastKnownFileType = sourcecode.c.objc; path = SLRocketsTableViewController.m; sourceTree = "<group>"; };
		4220A4C215F55CC60055EE35 /* SLRocketPropertiesTVC.h */ = {isa = PBXFileReference; fileEncoding = 4; lastKnownFileType = sourcecode.c.h; path = SLRocketPropertiesTVC.h; sourceTree = "<group>"; };
		4220A4C315F55CC60055EE35 /* SLRocketPropertiesTVC.m */ = {isa = PBXFileReference; fileEncoding = 4; lastKnownFileType = sourcecode.c.objc; path = SLRocketPropertiesTVC.m; sourceTree = "<group>"; };
		4220A4C415F55CC60055EE35 /* SLUnitsConvertor.h */ = {isa = PBXFileReference; fileEncoding = 4; lastKnownFileType = sourcecode.c.h; path = SLUnitsConvertor.h; sourceTree = "<group>"; };
		4220A4C515F55CC60055EE35 /* SLUnitsConvertor.m */ = {isa = PBXFileReference; fileEncoding = 4; lastKnownFileType = sourcecode.c.objc; path = SLUnitsConvertor.m; sourceTree = "<group>"; };
		4220A4C615F55CC60055EE35 /* Rocket.h */ = {isa = PBXFileReference; fileEncoding = 4; lastKnownFileType = sourcecode.c.h; path = Rocket.h; sourceTree = "<group>"; };
		4220A4C715F55CC60055EE35 /* Rocket.m */ = {isa = PBXFileReference; fileEncoding = 4; lastKnownFileType = sourcecode.c.objc; path = Rocket.m; sourceTree = "<group>"; };
		4220A4C815F55CC60055EE35 /* RocketMotor.h */ = {isa = PBXFileReference; fileEncoding = 4; lastKnownFileType = sourcecode.c.h; path = RocketMotor.h; sourceTree = "<group>"; };
		4220A4C915F55CC60055EE35 /* RocketMotor.m */ = {isa = PBXFileReference; fileEncoding = 4; lastKnownFileType = sourcecode.c.objc; path = RocketMotor.m; sourceTree = "<group>"; };
		4220A4CA15F55CC60055EE35 /* SLPhysicsModel.h */ = {isa = PBXFileReference; fileEncoding = 4; lastKnownFileType = sourcecode.c.h; path = SLPhysicsModel.h; sourceTree = "<group>"; };
		4220A4CB15F55CC60055EE35 /* SLPhysicsModel.m */ = {isa = PBXFileReference; fileEncoding = 4; lastKnownFileType = sourcecode.c.objc; path = SLPhysicsModel.m; sourceTree = "<group>"; };
		4220A4DE15F55D120055EE35 /* CancelButtonSelected.png */ = {isa = PBXFileReference; lastKnownFileType = image.png; path = CancelButtonSelected.png; sourceTree = "<group>"; };
		4220A4DF15F55D120055EE35 /* CancelButton.png */ = {isa = PBXFileReference; lastKnownFileType = image.png; path = CancelButton.png; sourceTree = "<group>"; };
		4220A4E015F55D120055EE35 /* AcceptButton.png */ = {isa = PBXFileReference; lastKnownFileType = image.png; path = AcceptButton.png; sourceTree = "<group>"; };
		4220A4E115F55D120055EE35 /* AcceptButtonSelected.png */ = {isa = PBXFileReference; lastKnownFileType = image.png; path = AcceptButtonSelected.png; sourceTree = "<group>"; };
		4220A4E415F55D120055EE35 /* AngleWarning.png */ = {isa = PBXFileReference; lastKnownFileType = image.png; path = AngleWarning.png; sourceTree = "<group>"; };
		4220A4E815F55D120055EE35 /* atmosphere.txt */ = {isa = PBXFileReference; fileEncoding = 4; lastKnownFileType = text; path = atmosphere.txt; sourceTree = "<group>"; };
		4220A4E915F55D120055EE35 /* motors.txt */ = {isa = PBXFileReference; fileEncoding = 4; lastKnownFileType = text; path = motors.txt; sourceTree = "<group>"; };
		4220A4FC15F55D760055EE35 /* Vellum.png */ = {isa = PBXFileReference; lastKnownFileType = image.png; path = Vellum.png; sourceTree = "<group>"; };
		4220A4FD15F55D760055EE35 /* Vellum@2x.png */ = {isa = PBXFileReference; lastKnownFileType = image.png; path = "Vellum@2x.png"; sourceTree = "<group>"; };
		4220A53B15F561CF0055EE35 /* Goblin@2x.png */ = {isa = PBXFileReference; lastKnownFileType = image.png; path = "Goblin@2x.png"; sourceTree = "<group>"; };
		4220A53C15F561CF0055EE35 /* Goblin.png */ = {isa = PBXFileReference; lastKnownFileType = image.png; path = Goblin.png; sourceTree = "<group>"; };
		4221648716F57EB1008E5A28 /* Default-Landscape@2x~ipad.png */ = {isa = PBXFileReference; lastKnownFileType = image.png; name = "Default-Landscape@2x~ipad.png"; path = "../Default-Landscape@2x~ipad.png"; sourceTree = "<group>"; };
		4221648916F57F1A008E5A28 /* Default-Landscape~ipad.png */ = {isa = PBXFileReference; lastKnownFileType = image.png; name = "Default-Landscape~ipad.png"; path = "../Default-Landscape~ipad.png"; sourceTree = "<group>"; };
		42248D7A16EC416200ABB5D7 /* SLiPadDetailViewController.h */ = {isa = PBXFileReference; fileEncoding = 4; lastKnownFileType = sourcecode.c.h; path = SLiPadDetailViewController.h; sourceTree = "<group>"; };
		42248D7B16EC416200ABB5D7 /* SLiPadDetailViewController.m */ = {isa = PBXFileReference; fileEncoding = 4; lastKnownFileType = sourcecode.c.objc; path = SLiPadDetailViewController.m; sourceTree = "<group>"; };
		4232060415F7124F0027A18E /* CoreLocation.framework */ = {isa = PBXFileReference; lastKnownFileType = wrapper.framework; name = CoreLocation.framework; path = System/Library/Frameworks/CoreLocation.framework; sourceTree = SDKROOT; };
		423D16E117053FE80007ED61 /* SLCustomUI.h */ = {isa = PBXFileReference; fileEncoding = 4; lastKnownFileType = sourcecode.c.h; path = SLCustomUI.h; sourceTree = "<group>"; };
		423D16E217053FE80007ED61 /* SLCustomUI.m */ = {isa = PBXFileReference; fileEncoding = 4; lastKnownFileType = sourcecode.c.objc; path = SLCustomUI.m; sourceTree = "<group>"; };
		4240A07615F8341900D67F3E /* SLMotorPrefsTVC.h */ = {isa = PBXFileReference; fileEncoding = 4; lastKnownFileType = sourcecode.c.h; path = SLMotorPrefsTVC.h; sourceTree = "<group>"; };
		4240A07715F8341900D67F3E /* SLMotorPrefsTVC.m */ = {isa = PBXFileReference; fileEncoding = 4; lastKnownFileType = sourcecode.c.objc; path = SLMotorPrefsTVC.m; sourceTree = "<group>"; };
		4240EDC016990F1E008AB135 /* MainStoryboard_iPad.storyboard */ = {isa = PBXFileReference; fileEncoding = 4; lastKnownFileType = file.storyboard; path = MainStoryboard_iPad.storyboard; sourceTree = "<group>"; };
		4256930515F4893000F7BABC /* SmartLaunch.app */ = {isa = PBXFileReference; explicitFileType = wrapper.application; includeInIndex = 0; path = SmartLaunch.app; sourceTree = BUILT_PRODUCTS_DIR; };
		4256930915F4893000F7BABC /* UIKit.framework */ = {isa = PBXFileReference; lastKnownFileType = wrapper.framework; name = UIKit.framework; path = System/Library/Frameworks/UIKit.framework; sourceTree = SDKROOT; };
		4256930B15F4893000F7BABC /* Foundation.framework */ = {isa = PBXFileReference; lastKnownFileType = wrapper.framework; name = Foundation.framework; path = System/Library/Frameworks/Foundation.framework; sourceTree = SDKROOT; };
		4256930D15F4893000F7BABC /* CoreGraphics.framework */ = {isa = PBXFileReference; lastKnownFileType = wrapper.framework; name = CoreGraphics.framework; path = System/Library/Frameworks/CoreGraphics.framework; sourceTree = SDKROOT; };
		4256931115F4893000F7BABC /* Smart Launch-Info.plist */ = {isa = PBXFileReference; lastKnownFileType = text.plist.xml; path = "Smart Launch-Info.plist"; sourceTree = "<group>"; };
		4256931315F4893000F7BABC /* en */ = {isa = PBXFileReference; lastKnownFileType = text.plist.strings; name = en; path = en.lproj/InfoPlist.strings; sourceTree = "<group>"; };
		4256931515F4893000F7BABC /* main.m */ = {isa = PBXFileReference; lastKnownFileType = sourcecode.c.objc; path = main.m; sourceTree = "<group>"; };
		4256931715F4893000F7BABC /* Smart Launch-Prefix.pch */ = {isa = PBXFileReference; lastKnownFileType = sourcecode.c.h; path = "Smart Launch-Prefix.pch"; sourceTree = "<group>"; };
		4256931815F4893000F7BABC /* SLAppDelegate.h */ = {isa = PBXFileReference; lastKnownFileType = sourcecode.c.h; path = SLAppDelegate.h; sourceTree = "<group>"; };
		4256931915F4893000F7BABC /* SLAppDelegate.m */ = {isa = PBXFileReference; lastKnownFileType = sourcecode.c.objc; path = SLAppDelegate.m; sourceTree = "<group>"; };
		42A1B6181670599E004F1FA0 /* version.txt */ = {isa = PBXFileReference; fileEncoding = 4; lastKnownFileType = text; path = version.txt; sourceTree = "<group>"; };
		42BB53C716A293D20029C882 /* SLFlightDataCell.h */ = {isa = PBXFileReference; fileEncoding = 4; lastKnownFileType = sourcecode.c.h; path = SLFlightDataCell.h; sourceTree = "<group>"; };
		42BB53C816A293D20029C882 /* SLFlightDataCell.m */ = {isa = PBXFileReference; fileEncoding = 4; lastKnownFileType = sourcecode.c.objc; path = SLFlightDataCell.m; sourceTree = "<group>"; };
		42BB53CB16A295310029C882 /* SLSavedFlightsTVC.h */ = {isa = PBXFileReference; fileEncoding = 4; lastKnownFileType = sourcecode.c.h; path = SLSavedFlightsTVC.h; sourceTree = "<group>"; };
		42BB53CC16A295310029C882 /* SLSavedFlightsTVC.m */ = {isa = PBXFileReference; fileEncoding = 4; lastKnownFileType = sourcecode.c.objc; path = SLSavedFlightsTVC.m; sourceTree = "<group>"; };
		42BB53CE16A38C4D0029C882 /* SLSaveFlightDataTVC.h */ = {isa = PBXFileReference; fileEncoding = 4; lastKnownFileType = sourcecode.c.h; path = SLSaveFlightDataTVC.h; sourceTree = "<group>"; };
		42BB53CF16A38C4D0029C882 /* SLSaveFlightDataTVC.m */ = {isa = PBXFileReference; fileEncoding = 4; lastKnownFileType = sourcecode.c.objc; path = SLSaveFlightDataTVC.m; sourceTree = "<group>"; };
		42D6AE8516A25242000EE1A8 /* DaVinci~iPad.png */ = {isa = PBXFileReference; lastKnownFileType = image.png; path = "DaVinci~iPad.png"; sourceTree = "<group>"; };
		42D6AE8616A25242000EE1A8 /* DaVinci~iPad@2x.png */ = {isa = PBXFileReference; lastKnownFileType = image.png; path = "DaVinci~iPad@2x.png"; sourceTree = "<group>"; };
		42D6AE8716A25242000EE1A8 /* DaVinci~iPhone.png */ = {isa = PBXFileReference; lastKnownFileType = image.png; path = "DaVinci~iPhone.png"; sourceTree = "<group>"; };
		42D6AE8816A25242000EE1A8 /* DaVinci~iPhone@2x.png */ = {isa = PBXFileReference; lastKnownFileType = image.png; path = "DaVinci~iPhone@2x.png"; sourceTree = "<group>"; };
		42D6AE8E16A2754F000EE1A8 /* SmartLaunch.entitlements */ = {isa = PBXFileReference; lastKnownFileType = text.xml; name = SmartLaunch.entitlements; path = ../SmartLaunch.entitlements; sourceTree = "<group>"; };
		42D78093166295F1000C7D6C /* SLAnimatedViewController.h */ = {isa = PBXFileReference; fileEncoding = 4; lastKnownFileType = sourcecode.c.h; path = SLAnimatedViewController.h; sourceTree = "<group>"; };
		42D78094166295F1000C7D6C /* SLAnimatedViewController.m */ = {isa = PBXFileReference; fileEncoding = 4; lastKnownFileType = sourcecode.c.objc; path = SLAnimatedViewController.m; sourceTree = "<group>"; };
		42D780971662AB3E000C7D6C /* QuartzCore.framework */ = {isa = PBXFileReference; lastKnownFileType = wrapper.framework; name = QuartzCore.framework; path = System/Library/Frameworks/QuartzCore.framework; sourceTree = SDKROOT; };
		42D780991663291B000C7D6C /* SLAnimatedRocketView.h */ = {isa = PBXFileReference; fileEncoding = 4; lastKnownFileType = sourcecode.c.h; path = SLAnimatedRocketView.h; sourceTree = "<group>"; };
		42D7809A1663291B000C7D6C /* SLAnimatedRocketView.m */ = {isa = PBXFileReference; fileEncoding = 4; lastKnownFileType = sourcecode.c.objc; path = SLAnimatedRocketView.m; sourceTree = "<group>"; };
		42DA0807169A364000106B02 /* Icon@2x.png */ = {isa = PBXFileReference; lastKnownFileType = image.png; name = "Icon@2x.png"; path = "../Icon@2x.png"; sourceTree = "<group>"; };
		42DA080A169A364700106B02 /* Icon.png */ = {isa = PBXFileReference; lastKnownFileType = image.png; name = Icon.png; path = ../Icon.png; sourceTree = "<group>"; };
		42DA080C169A365200106B02 /* Icon-72@2x.png */ = {isa = PBXFileReference; lastKnownFileType = image.png; name = "Icon-72@2x.png"; path = "../Icon-72@2x.png"; sourceTree = "<group>"; };
		42DA080E169A365700106B02 /* Icon-72.png */ = {isa = PBXFileReference; lastKnownFileType = image.png; name = "Icon-72.png"; path = "../Icon-72.png"; sourceTree = "<group>"; };
		42DA0810169A36DF00106B02 /* iTunesArtwork.png */ = {isa = PBXFileReference; lastKnownFileType = image.png; name = iTunesArtwork.png; path = ../iTunesArtwork.png; sourceTree = "<group>"; };
		42DA0811169A36DF00106B02 /* iTunesArtwork@2x.png */ = {isa = PBXFileReference; lastKnownFileType = image.png; name = "iTunesArtwork@2x.png"; path = "../iTunesArtwork@2x.png"; sourceTree = "<group>"; };
		42DABC511617FD0100CA6C5E /* Viewfinder.png */ = {isa = PBXFileReference; lastKnownFileType = image.png; name = Viewfinder.png; path = ../Viewfinder.png; sourceTree = "<group>"; };
		42DABC521617FD0100CA6C5E /* Viewfinder@2x.png */ = {isa = PBXFileReference; lastKnownFileType = image.png; name = "Viewfinder@2x.png"; path = "../Viewfinder@2x.png"; sourceTree = "<group>"; };
		42E5914616213D7E003EF252 /* Default.png */ = {isa = PBXFileReference; lastKnownFileType = image.png; name = Default.png; path = ../Default.png; sourceTree = "<group>"; };
		42E5914816213D91003EF252 /* Default-568h@2x.png */ = {isa = PBXFileReference; lastKnownFileType = image.png; name = "Default-568h@2x.png"; path = "../Default-568h@2x.png"; sourceTree = "<group>"; };
		42E5914A16213DC7003EF252 /* Default@2x.png */ = {isa = PBXFileReference; lastKnownFileType = image.png; name = "Default@2x.png"; path = "../Default@2x.png"; sourceTree = "<group>"; };
		42E7317216BF66ED00F6D468 /* SLFlightProfileViewController.h */ = {isa = PBXFileReference; fileEncoding = 4; lastKnownFileType = sourcecode.c.h; path = SLFlightProfileViewController.h; sourceTree = "<group>"; };
		42E7317316BF66ED00F6D468 /* SLFlightProfileViewController.m */ = {isa = PBXFileReference; fileEncoding = 4; lastKnownFileType = sourcecode.c.objc; path = SLFlightProfileViewController.m; sourceTree = "<group>"; };
		42F3E1E416CB7C0D00081288 /* 57icon.png */ = {isa = PBXFileReference; lastKnownFileType = image.png; path = 57icon.png; sourceTree = "<group>"; };
		42F3E1E516CB7C0D00081288 /* 114icon.png */ = {isa = PBXFileReference; lastKnownFileType = image.png; path = 114icon.png; sourceTree = "<group>"; };
		42F6ADA616F6AD92002C471B /* Rocket~iPhone.png */ = {isa = PBXFileReference; lastKnownFileType = image.png; path = "Rocket~iPhone.png"; sourceTree = "<group>"; };
		42F6ADA716F6AD92002C471B /* Rocket~iPhone@2x.png */ = {isa = PBXFileReference; lastKnownFileType = image.png; path = "Rocket~iPhone@2x.png"; sourceTree = "<group>"; };
		42F6ADA816F6AD92002C471B /* Rocket~iPad.png */ = {isa = PBXFileReference; lastKnownFileType = image.png; path = "Rocket~iPad.png"; sourceTree = "<group>"; };
		42F6ADA916F6AD92002C471B /* Rocket~iPad@2x.png */ = {isa = PBXFileReference; lastKnownFileType = image.png; path = "Rocket~iPad@2x.png"; sourceTree = "<group>"; };
/* End PBXFileReference section */

/* Begin PBXFrameworksBuildPhase section */
		4256930215F4893000F7BABC /* Frameworks */ = {
			isa = PBXFrameworksBuildPhase;
			buildActionMask = 2147483647;
			files = (
				42D780981662AB3E000C7D6C /* QuartzCore.framework in Frameworks */,
				421437221601ADEE0020AA1D /* MobileCoreServices.framework in Frameworks */,
				4232060515F7124F0027A18E /* CoreLocation.framework in Frameworks */,
				4256930A15F4893000F7BABC /* UIKit.framework in Frameworks */,
				4256930C15F4893000F7BABC /* Foundation.framework in Frameworks */,
				4256930E15F4893000F7BABC /* CoreGraphics.framework in Frameworks */,
			);
			runOnlyForDeploymentPostprocessing = 0;
		};
/* End PBXFrameworksBuildPhase section */

/* Begin PBXGroup section */
		421BB10A167293FD00F29D95 /* Company name/Logo pngs */ = {
			isa = PBXGroup;
			children = (
				421BB10B167293FD00F29D95 /* Aerotech Hybrid.png */,
				421BB10C167293FD00F29D95 /* Aerotech RMS.png */,
				421BB10D167293FD00F29D95 /* Aerotech.png */,
				421BB10E167293FD00F29D95 /* AMW Pro-X.png */,
				421BB10F167293FD00F29D95 /* Animal Motor Works.png */,
				421BB110167293FD00F29D95 /* Apogee.png */,
				421BB111167293FD00F29D95 /* Cesaroni.png */,
				421BB112167293FD00F29D95 /* Contrail Rockets.png */,
				421BB113167293FD00F29D95 /* Ellis Mountain.png */,
				421BB114167293FD00F29D95 /* Estes.png */,
				421BB115167293FD00F29D95 /* Gorilla Rocket Motors.png */,
				421BB116167293FD00F29D95 /* Hypertek.png */,
				421BB117167293FD00F29D95 /* Kosdon by Aerotech.png */,
				421BB118167293FD00F29D95 /* Kosdon.png */,
				421BB119167293FD00F29D95 /* Loki Research.png */,
				421BB11A167293FD00F29D95 /* Propulsion Polymers.png */,
				421BB11B167293FD00F29D95 /* Public Missiles Ltd.png */,
				421BB11C167293FD00F29D95 /* Quest.png */,
				421BB11D167293FD00F29D95 /* RATTworks.png */,
				421BB11E167293FD00F29D95 /* RoadRunner.png */,
				421BB11F167293FD00F29D95 /* Sky Ripper.png */,
				421BB120167293FD00F29D95 /* West Coast Hybrids.png */,
			);
			name = "Company name/Logo pngs";
			path = "Manufacturer name pngs";
			sourceTree = "<group>";
		};
		4220A52F15F55DAB0055EE35 /* Backgrounds */ = {
			isa = PBXGroup;
			children = (
				42D6AE8516A25242000EE1A8 /* DaVinci~iPad.png */,
				42D6AE8616A25242000EE1A8 /* DaVinci~iPad@2x.png */,
				42D6AE8716A25242000EE1A8 /* DaVinci~iPhone.png */,
				42D6AE8816A25242000EE1A8 /* DaVinci~iPhone@2x.png */,
				42DABC511617FD0100CA6C5E /* Viewfinder.png */,
				42DABC521617FD0100CA6C5E /* Viewfinder@2x.png */,
				4220A4E415F55D120055EE35 /* AngleWarning.png */,
				4220A4FC15F55D760055EE35 /* Vellum.png */,
				4220A4FD15F55D760055EE35 /* Vellum@2x.png */,
			);
			name = Backgrounds;
			sourceTree = "<group>";
		};
		4220A53015F55DBE0055EE35 /* Buttons */ = {
			isa = PBXGroup;
			children = (
				4220A4DE15F55D120055EE35 /* CancelButtonSelected.png */,
				4220A4DF15F55D120055EE35 /* CancelButton.png */,
				4220A4E015F55D120055EE35 /* AcceptButton.png */,
				4220A4E115F55D120055EE35 /* AcceptButtonSelected.png */,
			);
			name = Buttons;
			sourceTree = "<group>";
		};
		4220A53115F55DEF0055EE35 /* System Images */ = {
			isa = PBXGroup;
			children = (
				42F3E1E416CB7C0D00081288 /* 57icon.png */,
				42F3E1E516CB7C0D00081288 /* 114icon.png */,
				42DA0810169A36DF00106B02 /* iTunesArtwork.png */,
				42DA0811169A36DF00106B02 /* iTunesArtwork@2x.png */,
				42DA080E169A365700106B02 /* Icon-72.png */,
				42DA080C169A365200106B02 /* Icon-72@2x.png */,
				42DA080A169A364700106B02 /* Icon.png */,
				42DA0807169A364000106B02 /* Icon@2x.png */,
				42E5914616213D7E003EF252 /* Default.png */,
				42E5914A16213DC7003EF252 /* Default@2x.png */,
				42E5914816213D91003EF252 /* Default-568h@2x.png */,
				4221648916F57F1A008E5A28 /* Default-Landscape~ipad.png */,
				4221648716F57EB1008E5A28 /* Default-Landscape@2x~ipad.png */,
			);
			name = "System Images";
			sourceTree = "<group>";
		};
		4220A53215F55DFF0055EE35 /* Data Files */ = {
			isa = PBXGroup;
			children = (
				4220A4E815F55D120055EE35 /* atmosphere.txt */,
				4220A4E915F55D120055EE35 /* motors.txt */,
				42A1B6181670599E004F1FA0 /* version.txt */,
			);
			name = "Data Files";
			sourceTree = "<group>";
		};
		4220A53F15F561E30055EE35 /* Rocket Images */ = {
			isa = PBXGroup;
			children = (
				42F6ADA616F6AD92002C471B /* Rocket~iPhone.png */,
				42F6ADA716F6AD92002C471B /* Rocket~iPhone@2x.png */,
				42F6ADA816F6AD92002C471B /* Rocket~iPad.png */,
				42F6ADA916F6AD92002C471B /* Rocket~iPad@2x.png */,
				4220A53B15F561CF0055EE35 /* Goblin@2x.png */,
				4220A53C15F561CF0055EE35 /* Goblin.png */,
			);
			name = "Rocket Images";
			sourceTree = "<group>";
		};
		42248D7916EC384F00ABB5D7 /* Model */ = {
			isa = PBXGroup;
			children = (
				4220A4C615F55CC60055EE35 /* Rocket.h */,
				4220A4C715F55CC60055EE35 /* Rocket.m */,
				4220A4C815F55CC60055EE35 /* RocketMotor.h */,
				4220A4C915F55CC60055EE35 /* RocketMotor.m */,
				4220A4CA15F55CC60055EE35 /* SLPhysicsModel.h */,
				4220A4CB15F55CC60055EE35 /* SLPhysicsModel.m */,
			);
			name = Model;
			sourceTree = "<group>";
		};
		425692FA15F4893000F7BABC = {
			isa = PBXGroup;
			children = (
				4256930F15F4893000F7BABC /* Smart Launch */,
				4256930815F4893000F7BABC /* Frameworks */,
				4256930615F4893000F7BABC /* Products */,
			);
			sourceTree = "<group>";
		};
		4256930615F4893000F7BABC /* Products */ = {
			isa = PBXGroup;
			children = (
				4256930515F4893000F7BABC /* SmartLaunch.app */,
			);
			name = Products;
			sourceTree = "<group>";
		};
		4256930815F4893000F7BABC /* Frameworks */ = {
			isa = PBXGroup;
			children = (
				42D780971662AB3E000C7D6C /* QuartzCore.framework */,
				421437211601ADEE0020AA1D /* MobileCoreServices.framework */,
				4232060415F7124F0027A18E /* CoreLocation.framework */,
				4256930915F4893000F7BABC /* UIKit.framework */,
				4256930B15F4893000F7BABC /* Foundation.framework */,
				4256930D15F4893000F7BABC /* CoreGraphics.framework */,
			);
			name = Frameworks;
			sourceTree = "<group>";
		};
		4256930F15F4893000F7BABC /* Smart Launch */ = {
			isa = PBXGroup;
			children = (
				4220A4A515F55CC60055EE35 /* MainStoryboard_iPhone.storyboard */,
				4240EDC016990F1E008AB135 /* MainStoryboard_iPad.storyboard */,
				42248D7916EC384F00ABB5D7 /* Model */,
				4220A4A915F55CC60055EE35 /* SLSimulationDelegate.h */,
				4220A4AA15F55CC60055EE35 /* SLTableViewController.h */,
				4220A4AB15F55CC60055EE35 /* SLTableViewController.m */,
				42248D7A16EC416200ABB5D7 /* SLiPadDetailViewController.h */,
				42248D7B16EC416200ABB5D7 /* SLiPadDetailViewController.m */,
				42E7317216BF66ED00F6D468 /* SLFlightProfileViewController.h */,
				42E7317316BF66ED00F6D468 /* SLFlightProfileViewController.m */,
				42BB53CB16A295310029C882 /* SLSavedFlightsTVC.h */,
				42BB53CC16A295310029C882 /* SLSavedFlightsTVC.m */,
				42BB53C716A293D20029C882 /* SLFlightDataCell.h */,
				42BB53C816A293D20029C882 /* SLFlightDataCell.m */,
				42BB53CE16A38C4D0029C882 /* SLSaveFlightDataTVC.h */,
				42BB53CF16A38C4D0029C882 /* SLSaveFlightDataTVC.m */,
				42D780991663291B000C7D6C /* SLAnimatedRocketView.h */,
				42D7809A1663291B000C7D6C /* SLAnimatedRocketView.m */,
				42D78093166295F1000C7D6C /* SLAnimatedViewController.h */,
				42D78094166295F1000C7D6C /* SLAnimatedViewController.m */,
				4220A4A715F55CC60055EE35 /* SLModalPresenterDelegate.h */,
				4220A4A815F55CC60055EE35 /* SLPhotoAngleFinderDelegate.h */,
				4220A4AC15F55CC60055EE35 /* SLInformationTVC.h */,
				4220A4AD15F55CC60055EE35 /* SLInformationTVC.m */,
				4240A07615F8341900D67F3E /* SLMotorPrefsTVC.h */,
				4240A07715F8341900D67F3E /* SLMotorPrefsTVC.m */,
				4220A4AE15F55CC60055EE35 /* SLSimSettingsViewController.h */,
				4220A4AF15F55CC60055EE35 /* SLSimSettingsViewController.m */,
				4220A4B215F55CC60055EE35 /* SLLaunchAngleViewController.h */,
				4220A4B315F55CC60055EE35 /* SLLaunchAngleViewController.m */,
				4220A4B415F55CC60055EE35 /* SLLaunchAngleView.h */,
				4220A4B515F55CC60055EE35 /* SLLaunchAngleView.m */,
				4220A4B615F55CC60055EE35 /* SLPhotoAngleViewController.h */,
				4220A4B715F55CC60055EE35 /* SLPhotoAngleViewController.m */,
				4220A4B815F55CC60055EE35 /* SLMotorSearchViewController.h */,
				4220A4B915F55CC60055EE35 /* SLMotorSearchViewController.m */,
				4220A4BA15F55CC60055EE35 /* SLMotorTableViewController.h */,
				4220A4BB15F55CC60055EE35 /* SLMotorTableViewController.m */,
				4220A4BC15F55CC60055EE35 /* SLMotorViewController.h */,
				4220A4BD15F55CC60055EE35 /* SLMotorViewController.m */,
				4220A4BE15F55CC60055EE35 /* SLCurveGraphView.h */,
				4220A4BF15F55CC60055EE35 /* SLCurveGraphView.m */,
				4220A4C015F55CC60055EE35 /* SLRocketsTableViewController.h */,
				4220A4C115F55CC60055EE35 /* SLRocketsTableViewController.m */,
				4220A4C215F55CC60055EE35 /* SLRocketPropertiesTVC.h */,
				4220A4C315F55CC60055EE35 /* SLRocketPropertiesTVC.m */,
				4220A4B015F55CC60055EE35 /* SLUnitsTVC.h */,
				4220A4B115F55CC60055EE35 /* SLUnitsTVC.m */,
				4220A4C415F55CC60055EE35 /* SLUnitsConvertor.h */,
				4220A4C515F55CC60055EE35 /* SLUnitsConvertor.m */,
				423D16E117053FE80007ED61 /* SLCustomUI.h */,
				423D16E217053FE80007ED61 /* SLCustomUI.m */,
				4256931015F4893000F7BABC /* Supporting Files */,
			);
			path = "Smart Launch";
			sourceTree = "<group>";
		};
		4256931015F4893000F7BABC /* Supporting Files */ = {
			isa = PBXGroup;
			children = (
				421BB10A167293FD00F29D95 /* Company name/Logo pngs */,
				4220A53F15F561E30055EE35 /* Rocket Images */,
				4220A52F15F55DAB0055EE35 /* Backgrounds */,
				4220A53015F55DBE0055EE35 /* Buttons */,
				4220A53115F55DEF0055EE35 /* System Images */,
				4220A53215F55DFF0055EE35 /* Data Files */,
				4256931715F4893000F7BABC /* Smart Launch-Prefix.pch */,
				4256931515F4893000F7BABC /* main.m */,
				4256931815F4893000F7BABC /* SLAppDelegate.h */,
				4256931915F4893000F7BABC /* SLAppDelegate.m */,
				4256931215F4893000F7BABC /* InfoPlist.strings */,
				4256931115F4893000F7BABC /* Smart Launch-Info.plist */,
				42D6AE8E16A2754F000EE1A8 /* SmartLaunch.entitlements */,
			);
			name = "Supporting Files";
			sourceTree = "<group>";
		};
/* End PBXGroup section */

/* Begin PBXNativeTarget section */
		4256930415F4893000F7BABC /* SmartLaunch */ = {
			isa = PBXNativeTarget;
			buildConfigurationList = 4256932315F4893000F7BABC /* Build configuration list for PBXNativeTarget "SmartLaunch" */;
			buildPhases = (
				4256930115F4893000F7BABC /* Sources */,
				4256930215F4893000F7BABC /* Frameworks */,
				4256930315F4893000F7BABC /* Resources */,
			);
			buildRules = (
			);
			dependencies = (
			);
			name = SmartLaunch;
			productName = "Smart Launch";
			productReference = 4256930515F4893000F7BABC /* SmartLaunch.app */;
			productType = "com.apple.product-type.application";
		};
/* End PBXNativeTarget section */

/* Begin PBXProject section */
		425692FC15F4893000F7BABC /* Project object */ = {
			isa = PBXProject;
			attributes = {
				CLASSPREFIX = SL;
				LastUpgradeCheck = 0460;
				ORGANIZATIONNAME = "J. HOWARD SMART";
			};
			buildConfigurationList = 425692FF15F4893000F7BABC /* Build configuration list for PBXProject "Smart Launch" */;
			compatibilityVersion = "Xcode 3.2";
			developmentRegion = English;
			hasScannedForEncodings = 0;
			knownRegions = (
				en,
			);
			mainGroup = 425692FA15F4893000F7BABC;
			productRefGroup = 4256930615F4893000F7BABC /* Products */;
			projectDirPath = "";
			projectRoot = "";
			targets = (
				4256930415F4893000F7BABC /* SmartLaunch */,
			);
		};
/* End PBXProject section */

/* Begin PBXResourcesBuildPhase section */
		4256930315F4893000F7BABC /* Resources */ = {
			isa = PBXResourcesBuildPhase;
			buildActionMask = 2147483647;
			files = (
				4256931415F4893000F7BABC /* InfoPlist.strings in Resources */,
				4220A4CC15F55CC60055EE35 /* MainStoryboard_iPhone.storyboard in Resources */,
				4220A4EA15F55D120055EE35 /* CancelButtonSelected.png in Resources */,
				4220A4EB15F55D120055EE35 /* CancelButton.png in Resources */,
				4220A4EC15F55D120055EE35 /* AcceptButton.png in Resources */,
				4220A4ED15F55D120055EE35 /* AcceptButtonSelected.png in Resources */,
				4220A4F015F55D120055EE35 /* AngleWarning.png in Resources */,
				4220A4F415F55D120055EE35 /* atmosphere.txt in Resources */,
				4220A4F515F55D120055EE35 /* motors.txt in Resources */,
				4220A50015F55D760055EE35 /* Vellum.png in Resources */,
				4220A50115F55D760055EE35 /* Vellum@2x.png in Resources */,
				4220A53D15F561CF0055EE35 /* Goblin@2x.png in Resources */,
				4220A53E15F561CF0055EE35 /* Goblin.png in Resources */,
				42DABC531617FD0100CA6C5E /* Viewfinder.png in Resources */,
				42DABC541617FD0100CA6C5E /* Viewfinder@2x.png in Resources */,
				42E5914916213D91003EF252 /* Default-568h@2x.png in Resources */,
				42E5914C16213E1C003EF252 /* Default@2x.png in Resources */,
				42A1B6191670599E004F1FA0 /* version.txt in Resources */,
				421BB121167293FD00F29D95 /* Aerotech Hybrid.png in Resources */,
				421BB122167293FD00F29D95 /* Aerotech RMS.png in Resources */,
				421BB123167293FD00F29D95 /* Aerotech.png in Resources */,
				421BB124167293FD00F29D95 /* AMW Pro-X.png in Resources */,
				421BB125167293FD00F29D95 /* Animal Motor Works.png in Resources */,
				421BB126167293FD00F29D95 /* Apogee.png in Resources */,
				421BB127167293FD00F29D95 /* Cesaroni.png in Resources */,
				421BB128167293FD00F29D95 /* Contrail Rockets.png in Resources */,
				421BB129167293FD00F29D95 /* Ellis Mountain.png in Resources */,
				421BB12A167293FD00F29D95 /* Estes.png in Resources */,
				421BB12B167293FD00F29D95 /* Gorilla Rocket Motors.png in Resources */,
				421BB12C167293FD00F29D95 /* Hypertek.png in Resources */,
				421BB12D167293FD00F29D95 /* Kosdon by Aerotech.png in Resources */,
				421BB12E167293FD00F29D95 /* Kosdon.png in Resources */,
				421BB12F167293FD00F29D95 /* Loki Research.png in Resources */,
				421BB130167293FD00F29D95 /* Propulsion Polymers.png in Resources */,
				421BB131167293FD00F29D95 /* Public Missiles Ltd.png in Resources */,
				421BB132167293FD00F29D95 /* Quest.png in Resources */,
				421BB133167293FD00F29D95 /* RATTworks.png in Resources */,
				421BB134167293FD00F29D95 /* RoadRunner.png in Resources */,
				421BB135167293FD00F29D95 /* Sky Ripper.png in Resources */,
				421BB136167293FD00F29D95 /* West Coast Hybrids.png in Resources */,
				4240EDC116990F1E008AB135 /* MainStoryboard_iPad.storyboard in Resources */,
				42DA0808169A364000106B02 /* Icon@2x.png in Resources */,
				42DA080B169A364700106B02 /* Icon.png in Resources */,
				42DA080D169A365200106B02 /* Icon-72@2x.png in Resources */,
				42DA080F169A365700106B02 /* Icon-72.png in Resources */,
				42DA0812169A36DF00106B02 /* iTunesArtwork.png in Resources */,
				42DA0813169A36DF00106B02 /* iTunesArtwork@2x.png in Resources */,
				42D6AE8916A25242000EE1A8 /* DaVinci~iPad.png in Resources */,
				42D6AE8A16A25242000EE1A8 /* DaVinci~iPad@2x.png in Resources */,
				42D6AE8B16A25242000EE1A8 /* DaVinci~iPhone.png in Resources */,
				42D6AE8C16A25242000EE1A8 /* DaVinci~iPhone@2x.png in Resources */,
				42F3E1E616CB7C0D00081288 /* 57icon.png in Resources */,
				42F3E1E716CB7C0D00081288 /* 114icon.png in Resources */,
				4221648016F57CF8008E5A28 /* Default.png in Resources */,
				4221648816F57EB1008E5A28 /* Default-Landscape@2x~ipad.png in Resources */,
				4221648A16F57F1A008E5A28 /* Default-Landscape~ipad.png in Resources */,
				42F6ADAA16F6AD92002C471B /* Rocket~iPhone.png in Resources */,
				42F6ADAB16F6AD92002C471B /* Rocket~iPhone@2x.png in Resources */,
				42F6ADAC16F6AD92002C471B /* Rocket~iPad.png in Resources */,
				42F6ADAD16F6AD92002C471B /* Rocket~iPad@2x.png in Resources */,
			);
			runOnlyForDeploymentPostprocessing = 0;
		};
/* End PBXResourcesBuildPhase section */

/* Begin PBXSourcesBuildPhase section */
		4256930115F4893000F7BABC /* Sources */ = {
			isa = PBXSourcesBuildPhase;
			buildActionMask = 2147483647;
			files = (
				4256931615F4893000F7BABC /* main.m in Sources */,
				4256931A15F4893000F7BABC /* SLAppDelegate.m in Sources */,
				4220A4CD15F55CC60055EE35 /* SLTableViewController.m in Sources */,
				4220A4CE15F55CC60055EE35 /* SLInformationTVC.m in Sources */,
				4220A4CF15F55CC60055EE35 /* SLSimSettingsViewController.m in Sources */,
				4220A4D015F55CC60055EE35 /* SLUnitsTVC.m in Sources */,
				4220A4D115F55CC60055EE35 /* SLLaunchAngleViewController.m in Sources */,
				4220A4D215F55CC60055EE35 /* SLLaunchAngleView.m in Sources */,
				4220A4D315F55CC60055EE35 /* SLPhotoAngleViewController.m in Sources */,
				4220A4D415F55CC60055EE35 /* SLMotorSearchViewController.m in Sources */,
				4220A4D515F55CC60055EE35 /* SLMotorTableViewController.m in Sources */,
				4220A4D615F55CC60055EE35 /* SLMotorViewController.m in Sources */,
				4220A4D715F55CC60055EE35 /* SLCurveGraphView.m in Sources */,
				4220A4D815F55CC60055EE35 /* SLRocketsTableViewController.m in Sources */,
				4220A4D915F55CC60055EE35 /* SLRocketPropertiesTVC.m in Sources */,
				4220A4DA15F55CC60055EE35 /* SLUnitsConvertor.m in Sources */,
				4220A4DB15F55CC60055EE35 /* Rocket.m in Sources */,
				4220A4DC15F55CC60055EE35 /* RocketMotor.m in Sources */,
				4220A4DD15F55CC60055EE35 /* SLPhysicsModel.m in Sources */,
				4240A07815F8341900D67F3E /* SLMotorPrefsTVC.m in Sources */,
				42D78095166295F1000C7D6C /* SLAnimatedViewController.m in Sources */,
				42D7809B1663291B000C7D6C /* SLAnimatedRocketView.m in Sources */,
				42BB53C916A293D20029C882 /* SLFlightDataCell.m in Sources */,
				42BB53CD16A295310029C882 /* SLSavedFlightsTVC.m in Sources */,
				42BB53D016A38C4E0029C882 /* SLSaveFlightDataTVC.m in Sources */,
				42E7317416BF66ED00F6D468 /* SLFlightProfileViewController.m in Sources */,
				42248D7C16EC416200ABB5D7 /* SLiPadDetailViewController.m in Sources */,
				423D16E317053FE80007ED61 /* SLCustomUI.m in Sources */,
			);
			runOnlyForDeploymentPostprocessing = 0;
		};
/* End PBXSourcesBuildPhase section */

/* Begin PBXVariantGroup section */
		4256931215F4893000F7BABC /* InfoPlist.strings */ = {
			isa = PBXVariantGroup;
			children = (
				4256931315F4893000F7BABC /* en */,
			);
			name = InfoPlist.strings;
			sourceTree = "<group>";
		};
/* End PBXVariantGroup section */

/* Begin XCBuildConfiguration section */
		4256932115F4893000F7BABC /* Debug */ = {
			isa = XCBuildConfiguration;
			buildSettings = {
				ALWAYS_SEARCH_USER_PATHS = NO;
				ARCHS = "$(ARCHS_STANDARD_32_BIT)";
				CLANG_CXX_LANGUAGE_STANDARD = "gnu++0x";
				CLANG_ENABLE_OBJC_ARC = YES;
				CLANG_WARN_CONSTANT_CONVERSION = YES;
				CLANG_WARN_ENUM_CONVERSION = YES;
				CLANG_WARN_INT_CONVERSION = YES;
				CLANG_WARN__DUPLICATE_METHOD_MATCH = YES;
				"CODE_SIGN_IDENTITY[sdk=iphoneos*]" = "iPhone Developer";
				COPY_PHASE_STRIP = NO;
				GCC_C_LANGUAGE_STANDARD = gnu99;
				GCC_DYNAMIC_NO_PIC = NO;
				GCC_OPTIMIZATION_LEVEL = 0;
				GCC_PREPROCESSOR_DEFINITIONS = (
					"DEBUG=1",
					"$(inherited)",
				);
				GCC_SYMBOLS_PRIVATE_EXTERN = NO;
				GCC_VERSION = com.apple.compilers.llvm.clang.1_0;
				GCC_WARN_ABOUT_RETURN_TYPE = YES;
				GCC_WARN_UNINITIALIZED_AUTOS = YES;
				GCC_WARN_UNUSED_VARIABLE = YES;
				IPHONEOS_DEPLOYMENT_TARGET = 6.1;
				"PROVISIONING_PROFILE[sdk=iphoneos*]" = "";
				SDKROOT = iphoneos;
			};
			name = Debug;
		};
		4256932215F4893000F7BABC /* Release */ = {
			isa = XCBuildConfiguration;
			buildSettings = {
				ALWAYS_SEARCH_USER_PATHS = NO;
				ARCHS = "$(ARCHS_STANDARD_32_BIT)";
				CLANG_CXX_LANGUAGE_STANDARD = "gnu++0x";
				CLANG_ENABLE_OBJC_ARC = YES;
				CLANG_WARN_CONSTANT_CONVERSION = YES;
				CLANG_WARN_ENUM_CONVERSION = YES;
				CLANG_WARN_INT_CONVERSION = YES;
				CLANG_WARN__DUPLICATE_METHOD_MATCH = YES;
				CODE_SIGN_IDENTITY = "";
				"CODE_SIGN_IDENTITY[sdk=iphoneos*]" = "iPhone Developer";
				COPY_PHASE_STRIP = YES;
				GCC_C_LANGUAGE_STANDARD = gnu99;
				GCC_VERSION = com.apple.compilers.llvm.clang.1_0;
				GCC_WARN_ABOUT_RETURN_TYPE = YES;
				GCC_WARN_UNINITIALIZED_AUTOS = YES;
				GCC_WARN_UNUSED_VARIABLE = YES;
				IPHONEOS_DEPLOYMENT_TARGET = 6.1;
				OTHER_CFLAGS = "-DNS_BLOCK_ASSERTIONS=1";
				"PROVISIONING_PROFILE[sdk=iphoneos*]" = "";
				SDKROOT = iphoneos;
				VALIDATE_PRODUCT = YES;
			};
			name = Release;
		};
		4256932415F4893000F7BABC /* Debug */ = {
			isa = XCBuildConfiguration;
			buildSettings = {
				CODE_SIGN_ENTITLEMENTS = SmartLaunch.entitlements;
				CODE_SIGN_IDENTITY = "iPhone Developer: Howard SMART (TKF9Q29368)";
				"CODE_SIGN_IDENTITY[sdk=iphoneos*]" = "iPhone Developer: Howard SMART (TKF9Q29368)";
				GCC_PRECOMPILE_PREFIX_HEADER = YES;
				GCC_PREFIX_HEADER = "Smart Launch/Smart Launch-Prefix.pch";
				INFOPLIST_FILE = "Smart Launch/Smart Launch-Info.plist";
				IPHONEOS_DEPLOYMENT_TARGET = 6.1;
				PRODUCT_NAME = "$(TARGET_NAME)";
				PROVISIONING_PROFILE = "5298B6AC-D02E-46D4-A3D7-A8664B4832FE";
				"PROVISIONING_PROFILE[sdk=iphoneos*]" = "5298B6AC-D02E-46D4-A3D7-A8664B4832FE";
				TARGETED_DEVICE_FAMILY = "1,2";
				WRAPPER_EXTENSION = app;
			};
			name = Debug;
		};
		4256932515F4893000F7BABC /* Release */ = {
			isa = XCBuildConfiguration;
			buildSettings = {
				CODE_SIGN_ENTITLEMENTS = SmartLaunch.entitlements;
				GCC_PRECOMPILE_PREFIX_HEADER = YES;
				GCC_PREFIX_HEADER = "Smart Launch/Smart Launch-Prefix.pch";
				INFOPLIST_FILE = "Smart Launch/Smart Launch-Info.plist";
				IPHONEOS_DEPLOYMENT_TARGET = 6.1;
				PRODUCT_NAME = "$(TARGET_NAME)";
				TARGETED_DEVICE_FAMILY = "1,2";
				VALIDATE_PRODUCT = NO;
				WRAPPER_EXTENSION = app;
			};
			name = Release;
		};
		42F71FB0162148CE008C44B2 /* App Store */ = {
			isa = XCBuildConfiguration;
			buildSettings = {
				ALWAYS_SEARCH_USER_PATHS = NO;
				ARCHS = "$(ARCHS_STANDARD_32_BIT)";
				CLANG_CXX_LANGUAGE_STANDARD = "gnu++0x";
				CLANG_ENABLE_OBJC_ARC = YES;
				CLANG_WARN_CONSTANT_CONVERSION = YES;
				CLANG_WARN_ENUM_CONVERSION = YES;
				CLANG_WARN_INT_CONVERSION = YES;
				CLANG_WARN__DUPLICATE_METHOD_MATCH = YES;
				CODE_SIGN_IDENTITY = "iPhone Distribution";
				"CODE_SIGN_IDENTITY[sdk=iphoneos*]" = "iPhone Distribution";
				COPY_PHASE_STRIP = YES;
				GCC_C_LANGUAGE_STANDARD = gnu99;
				GCC_VERSION = com.apple.compilers.llvm.clang.1_0;
				GCC_WARN_ABOUT_RETURN_TYPE = YES;
				GCC_WARN_UNINITIALIZED_AUTOS = YES;
				GCC_WARN_UNUSED_VARIABLE = YES;
				IPHONEOS_DEPLOYMENT_TARGET = 6.1;
				OTHER_CFLAGS = "-DNS_BLOCK_ASSERTIONS=1";
				PROVISIONING_PROFILE = "";
				"PROVISIONING_PROFILE[sdk=iphoneos*]" = "";
				SDKROOT = iphoneos;
				VALIDATE_PRODUCT = YES;
			};
			name = "App Store";
		};
		42F71FB1162148CE008C44B2 /* App Store */ = {
			isa = XCBuildConfiguration;
			buildSettings = {
				CODE_SIGN_ENTITLEMENTS = SmartLaunch.entitlements;
				"CODE_SIGN_IDENTITY[sdk=iphoneos*]" = "iPhone Distribution";
				GCC_PRECOMPILE_PREFIX_HEADER = YES;
				GCC_PREFIX_HEADER = "Smart Launch/Smart Launch-Prefix.pch";
				INFOPLIST_FILE = "Smart Launch/Smart Launch-Info.plist";
				IPHONEOS_DEPLOYMENT_TARGET = 6.1;
				PRODUCT_NAME = "$(TARGET_NAME)";
				"PROVISIONING_PROFILE[sdk=iphoneos*]" = "";
				TARGETED_DEVICE_FAMILY = "1,2";
				WRAPPER_EXTENSION = app;
			};
			name = "App Store";
		};
/* End XCBuildConfiguration section */

/* Begin XCConfigurationList section */
		425692FF15F4893000F7BABC /* Build configuration list for PBXProject "Smart Launch" */ = {
			isa = XCConfigurationList;
			buildConfigurations = (
				4256932115F4893000F7BABC /* Debug */,
				4256932215F4893000F7BABC /* Release */,
				42F71FB0162148CE008C44B2 /* App Store */,
			);
			defaultConfigurationIsVisible = 0;
			defaultConfigurationName = Release;
		};
		4256932315F4893000F7BABC /* Build configuration list for PBXNativeTarget "SmartLaunch" */ = {
			isa = XCConfigurationList;
			buildConfigurations = (
				4256932415F4893000F7BABC /* Debug */,
				4256932515F4893000F7BABC /* Release */,
				42F71FB1162148CE008C44B2 /* App Store */,
			);
			defaultConfigurationIsVisible = 0;
			defaultConfigurationName = Release;
		};
/* End XCConfigurationList section */
	};
	rootObject = 425692FC15F4893000F7BABC /* Project object */;
}
